
Microsoft Visual Studio Solution File, Format Version 12.00
# Visual Studio Version 17
VisualStudioVersion = 17.11.35222.181
MinimumVisualStudioVersion = 10.0.40219.1
Project("{FAE04EC0-301F-11D3-BF4B-00C04F79EFBC}") = "WeChat_OCR_Sharp", "WeChat_OCR_Sharp\WeChat_OCR_Sharp.csproj", "{2F62701A-6ECD-41DA-9965-36B426E66178}"
EndProject
Project("{FAE04EC0-301F-11D3-BF4B-00C04F79EFBC}") = "WeChat_OCR_Lib", "WeChat_OCR_Lib\WeChat_OCR_Lib.csproj", "{1299A4CB-6307-42D3-A551-F5C44530D830}"
EndProject
Global
	GlobalSection(SolutionConfigurationPlatforms) = preSolution
		Debug|Any CPU = Debug|Any CPU
		Release|Any CPU = Release|Any CPU
	EndGlobalSection
	GlobalSection(ProjectConfigurationPlatforms) = postSolution
		{2F62701A-6ECD-41DA-9965-36B426E66178}.Debug|Any CPU.ActiveCfg = Debug|Any CPU
		{2F62701A-6ECD-41DA-9965-36B426E66178}.Debug|Any CPU.Build.0 = Debug|Any CPU
		{2F62701A-6ECD-41DA-9965-36B426E66178}.Release|Any CPU.ActiveCfg = Release|Any CPU
		{2F62701A-6ECD-41DA-9965-36B426E66178}.Release|Any CPU.Build.0 = Release|Any CPU
		{1299A4CB-6307-42D3-A551-F5C44530D830}.Debug|Any CPU.ActiveCfg = Debug|Any CPU
		{1299A4CB-6307-42D3-A551-F5C44530D830}.Debug|Any CPU.Build.0 = Debug|Any CPU
		{1299A4CB-6307-42D3-A551-F5C44530D830}.Release|Any CPU.ActiveCfg = Release|Any CPU
		{1299A4CB-6307-42D3-A551-F5C44530D830}.Release|Any CPU.Build.0 = Release|Any CPU
	EndGlobalSection
	GlobalSection(SolutionProperties) = preSolution
		HideSolutionNode = FALSE
	EndGlobalSection
	GlobalSection(ExtensibilityGlobals) = postSolution
		SolutionGuid = {D44E33EB-F353-4A7D-BFB2-9F91C13179C1}
	EndGlobalSection
EndGlobal
